
Microsoft Visual Studio Solution File, Format Version 12.00
# Visual Studio Version 17
VisualStudioVersion = 17.10.35013.160
MinimumVisualStudioVersion = 10.0.40219.1
Project("{FAE04EC0-301F-11D3-BF4B-00C04F79EFBC}") = "Reporting.Core", "src\Reporting.Core\Reporting.Core.csproj", "{2CFA8B29-B40A-4A93-ADDB-20290FF6A14D}"
EndProject
Project("{FAE04EC0-301F-11D3-BF4B-00C04F79EFBC}") = "Reporting.Server", "src\Reporting.Server\Reporting.Server.csproj", "{17F75C3C-C020-4965-A19C-2DB5879C985C}"
EndProject
Global
	GlobalSection(SolutionConfigurationPlatforms) = preSolution
		Debug|Any CPU = Debug|Any CPU
		Release|Any CPU = Release|Any CPU
	EndGlobalSection
	GlobalSection(ProjectConfigurationPlatforms) = postSolution
		{2CFA8B29-B40A-4A93-ADDB-20290FF6A14D}.Debug|Any CPU.ActiveCfg = Debug|Any CPU
		{2CFA8B29-B40A-4A93-ADDB-20290FF6A14D}.Debug|Any CPU.Build.0 = Debug|Any CPU
		{2CFA8B29-B40A-4A93-ADDB-20290FF6A14D}.Release|Any CPU.ActiveCfg = Release|Any CPU
		{2CFA8B29-B40A-4A93-ADDB-20290FF6A14D}.Release|Any CPU.Build.0 = Release|Any CPU
		{17F75C3C-C020-4965-A19C-2DB5879C985C}.Debug|Any CPU.ActiveCfg = Debug|Any CPU
		{17F75C3C-C020-4965-A19C-2DB5879C985C}.Debug|Any CPU.Build.0 = Debug|Any CPU
		{17F75C3C-C020-4965-A19C-2DB5879C985C}.Release|Any CPU.ActiveCfg = Release|Any CPU
		{17F75C3C-C020-4965-A19C-2DB5879C985C}.Release|Any CPU.Build.0 = Release|Any CPU
	EndGlobalSection
	GlobalSection(SolutionProperties) = preSolution
		HideSolutionNode = FALSE
	EndGlobalSection
	GlobalSection(ExtensibilityGlobals) = postSolution
		SolutionGuid = {C3E451EE-FA0C-48E3-BE4B-AF8C9BB901EC}
	EndGlobalSection
EndGlobal
